
Microsoft Visual Studio Solution File, Format Version 12.00
# Visual Studio Version 17
VisualStudioVersion = 17.8.34330.188
MinimumVisualStudioVersion = 10.0.40219.1
Project("{FAE04EC0-301F-11D3-BF4B-00C04F79EFBC}") = "Waterloo_Team_1_S_24", "Waterloo_Team_1_S_24\Waterloo_Team_1_S_24.csproj", "{4444B278-3DEA-4514-BA8D-AABE8D206E5B}"
EndProject
Global
	GlobalSection(SolutionConfigurationPlatforms) = preSolution
		Debug|Any CPU = Debug|Any CPU
		Release|Any CPU = Release|Any CPU
	EndGlobalSection
	GlobalSection(ProjectConfigurationPlatforms) = postSolution
		{4444B278-3DEA-4514-BA8D-AABE8D206E5B}.Debug|Any CPU.ActiveCfg = Debug|Any CPU
		{4444B278-3DEA-4514-BA8D-AABE8D206E5B}.Debug|Any CPU.Build.0 = Debug|Any CPU
		{4444B278-3DEA-4514-BA8D-AABE8D206E5B}.Release|Any CPU.ActiveCfg = Release|Any CPU
		{4444B278-3DEA-4514-BA8D-AABE8D206E5B}.Release|Any CPU.Build.0 = Release|Any CPU
	EndGlobalSection
	GlobalSection(SolutionProperties) = preSolution
		HideSolutionNode = FALSE
	EndGlobalSection
	GlobalSection(ExtensibilityGlobals) = postSolution
		SolutionGuid = {B0C3FC59-7CB3-4151-9AB4-2C83E80217A5}
	EndGlobalSection
EndGlobal
